
Microsoft Visual Studio Solution File, Format Version 12.00
# Visual Studio Version 17
VisualStudioVersion = 17.10.35013.160
MinimumVisualStudioVersion = 10.0.40219.1
Project("{FAE04EC0-301F-11D3-BF4B-00C04F79EFBC}") = "Task", "Task\Task.csproj", "{EC142C07-7EFE-4616-AE2D-72E098F6F219}"
EndProject
Global
	GlobalSection(SolutionConfigurationPlatforms) = preSolution
		Debug|Any CPU = Debug|Any CPU
		Release|Any CPU = Release|Any CPU
	EndGlobalSection
	GlobalSection(ProjectConfigurationPlatforms) = postSolution
		{EC142C07-7EFE-4616-AE2D-72E098F6F219}.Debug|Any CPU.ActiveCfg = Debug|Any CPU
		{EC142C07-7EFE-4616-AE2D-72E098F6F219}.Debug|Any CPU.Build.0 = Debug|Any CPU
		{EC142C07-7EFE-4616-AE2D-72E098F6F219}.Release|Any CPU.ActiveCfg = Release|Any CPU
		{EC142C07-7EFE-4616-AE2D-72E098F6F219}.Release|Any CPU.Build.0 = Release|Any CPU
	EndGlobalSection
	GlobalSection(SolutionProperties) = preSolution
		HideSolutionNode = FALSE
	EndGlobalSection
	GlobalSection(ExtensibilityGlobals) = postSolution
		SolutionGuid = {403800B4-ED5E-4FF2-A27C-717B0DE87966}
	EndGlobalSection
EndGlobal
